
Microsoft Visual Studio Solution File, Format Version 12.00
# Visual Studio 15
VisualStudioVersion = 15.0.26730.10
MinimumVisualStudioVersion = 10.0.40219.1
Project("{FAE04EC0-301F-11D3-BF4B-00C04F79EFBC}") = "WebServices.Android", "WebServices\WebServices.Android\WebServices.Android.csproj", "{BBDD22FF-0D5B-4B0C-9037-2D35AFB5BE71}"
EndProject
Project("{FAE04EC0-301F-11D3-BF4B-00C04F79EFBC}") = "WebServices", "WebServices\WebServices\WebServices.csproj", "{397C4112-71F6-4FCA-BBAA-B73B88D60269}"
EndProject
Project("{FAE04EC0-301F-11D3-BF4B-00C04F79EFBC}") = "WebServices.UWP", "WebServices\WebServices.UWP\WebServices.UWP.csproj", "{F34B22C1-D3E7-4F2A-899D-D7CA2F658876}"
EndProject
Project("{FAE04EC0-301F-11D3-BF4B-00C04F79EFBC}") = "WebServices.iOS", "WebServices\WebServices.iOS\WebServices.iOS.csproj", "{856B4515-8151-4CC5-AF0C-8284E12924FA}"
EndProject
Global
	GlobalSection(SolutionConfigurationPlatforms) = preSolution
		Ad-Hoc|Any CPU = Ad-Hoc|Any CPU
		Ad-Hoc|ARM = Ad-Hoc|ARM
		Ad-Hoc|iPhone = Ad-Hoc|iPhone
		Ad-Hoc|iPhoneSimulator = Ad-Hoc|iPhoneSimulator
		Ad-Hoc|x64 = Ad-Hoc|x64
		Ad-Hoc|x86 = Ad-Hoc|x86
		AppStore|Any CPU = AppStore|Any CPU
		AppStore|ARM = AppStore|ARM
		AppStore|iPhone = AppStore|iPhone
		AppStore|iPhoneSimulator = AppStore|iPhoneSimulator
		AppStore|x64 = AppStore|x64
		AppStore|x86 = AppStore|x86
		Debug|Any CPU = Debug|Any CPU
		Debug|ARM = Debug|ARM
		Debug|iPhone = Debug|iPhone
		Debug|iPhoneSimulator = Debug|iPhoneSimulator
		Debug|x64 = Debug|x64
		Debug|x86 = Debug|x86
		Release|Any CPU = Release|Any CPU
		Release|ARM = Release|ARM
		Release|iPhone = Release|iPhone
		Release|iPhoneSimulator = Release|iPhoneSimulator
		Release|x64 = Release|x64
		Release|x86 = Release|x86
	EndGlobalSection
	GlobalSection(ProjectConfigurationPlatforms) = postSolution
		{BBDD22FF-0D5B-4B0C-9037-2D35AFB5BE71}.Ad-Hoc|Any CPU.ActiveCfg = Release|Any CPU
		{BBDD22FF-0D5B-4B0C-9037-2D35AFB5BE71}.Ad-Hoc|Any CPU.Build.0 = Release|Any CPU
		{BBDD22FF-0D5B-4B0C-9037-2D35AFB5BE71}.Ad-Hoc|Any CPU.Deploy.0 = Release|Any CPU
		{BBDD22FF-0D5B-4B0C-9037-2D35AFB5BE71}.Ad-Hoc|ARM.ActiveCfg = Release|Any CPU
		{BBDD22FF-0D5B-4B0C-9037-2D35AFB5BE71}.Ad-Hoc|ARM.Build.0 = Release|Any CPU
		{BBDD22FF-0D5B-4B0C-9037-2D35AFB5BE71}.Ad-Hoc|ARM.Deploy.0 = Release|Any CPU
		{BBDD22FF-0D5B-4B0C-9037-2D35AFB5BE71}.Ad-Hoc|iPhone.ActiveCfg = Release|Any CPU
		{BBDD22FF-0D5B-4B0C-9037-2D35AFB5BE71}.Ad-Hoc|iPhone.Build.0 = Release|Any CPU
		{BBDD22FF-0D5B-4B0C-9037-2D35AFB5BE71}.Ad-Hoc|iPhone.Deploy.0 = Release|Any CPU
		{BBDD22FF-0D5B-4B0C-9037-2D35AFB5BE71}.Ad-Hoc|iPhoneSimulator.ActiveCfg = Release|Any CPU
		{BBDD22FF-0D5B-4B0C-9037-2D35AFB5BE71}.Ad-Hoc|iPhoneSimulator.Build.0 = Release|Any CPU
		{BBDD22FF-0D5B-4B0C-9037-2D35AFB5BE71}.Ad-Hoc|iPhoneSimulator.Deploy.0 = Release|Any CPU
		{BBDD22FF-0D5B-4B0C-9037-2D35AFB5BE71}.Ad-Hoc|x64.ActiveCfg = Release|Any CPU
		{BBDD22FF-0D5B-4B0C-9037-2D35AFB5BE71}.Ad-Hoc|x64.Build.0 = Release|Any CPU
		{BBDD22FF-0D5B-4B0C-9037-2D35AFB5BE71}.Ad-Hoc|x64.Deploy.0 = Release|Any CPU
		{BBDD22FF-0D5B-4B0C-9037-2D35AFB5BE71}.Ad-Hoc|x86.ActiveCfg = Release|Any CPU
		{BBDD22FF-0D5B-4B0C-9037-2D35AFB5BE71}.Ad-Hoc|x86.Build.0 = Release|Any CPU
		{BBDD22FF-0D5B-4B0C-9037-2D35AFB5BE71}.Ad-Hoc|x86.Deploy.0 = Release|Any CPU
		{BBDD22FF-0D5B-4B0C-9037-2D35AFB5BE71}.AppStore|Any CPU.ActiveCfg = Release|Any CPU
		{BBDD22FF-0D5B-4B0C-9037-2D35AFB5BE71}.AppStore|Any CPU.Build.0 = Release|Any CPU
		{BBDD22FF-0D5B-4B0C-9037-2D35AFB5BE71}.AppStore|Any CPU.Deploy.0 = Release|Any CPU
		{BBDD22FF-0D5B-4B0C-9037-2D35AFB5BE71}.AppStore|ARM.ActiveCfg = Release|Any CPU
		{BBDD22FF-0D5B-4B0C-9037-2D35AFB5BE71}.AppStore|ARM.Build.0 = Release|Any CPU
		{BBDD22FF-0D5B-4B0C-9037-2D35AFB5BE71}.AppStore|ARM.Deploy.0 = Release|Any CPU
		{BBDD22FF-0D5B-4B0C-9037-2D35AFB5BE71}.AppStore|iPhone.ActiveCfg = Release|Any CPU
		{BBDD22FF-0D5B-4B0C-9037-2D35AFB5BE71}.AppStore|iPhone.Build.0 = Release|Any CPU
		{BBDD22FF-0D5B-4B0C-9037-2D35AFB5BE71}.AppStore|iPhone.Deploy.0 = Release|Any CPU
		{BBDD22FF-0D5B-4B0C-9037-2D35AFB5BE71}.AppStore|iPhoneSimulator.ActiveCfg = Release|Any CPU
		{BBDD22FF-0D5B-4B0C-9037-2D35AFB5BE71}.AppStore|iPhoneSimulator.Build.0 = Release|Any CPU
		{BBDD22FF-0D5B-4B0C-9037-2D35AFB5BE71}.AppStore|iPhoneSimulator.Deploy.0 = Release|Any CPU
		{BBDD22FF-0D5B-4B0C-9037-2D35AFB5BE71}.AppStore|x64.ActiveCfg = Release|Any CPU
		{BBDD22FF-0D5B-4B0C-9037-2D35AFB5BE71}.AppStore|x64.Build.0 = Release|Any CPU
		{BBDD22FF-0D5B-4B0C-9037-2D35AFB5BE71}.AppStore|x64.Deploy.0 = Release|Any CPU
		{BBDD22FF-0D5B-4B0C-9037-2D35AFB5BE71}.AppStore|x86.ActiveCfg = Release|Any CPU
		{BBDD22FF-0D5B-4B0C-9037-2D35AFB5BE71}.AppStore|x86.Build.0 = Release|Any CPU
		{BBDD22FF-0D5B-4B0C-9037-2D35AFB5BE71}.AppStore|x86.Deploy.0 = Release|Any CPU
		{BBDD22FF-0D5B-4B0C-9037-2D35AFB5BE71}.Debug|Any CPU.ActiveCfg = Debug|Any CPU
		{BBDD22FF-0D5B-4B0C-9037-2D35AFB5BE71}.Debug|Any CPU.Build.0 = Debug|Any CPU
		{BBDD22FF-0D5B-4B0C-9037-2D35AFB5BE71}.Debug|Any CPU.Deploy.0 = Debug|Any CPU
		{BBDD22FF-0D5B-4B0C-9037-2D35AFB5BE71}.Debug|ARM.ActiveCfg = Debug|Any CPU
		{BBDD22FF-0D5B-4B0C-9037-2D35AFB5BE71}.Debug|ARM.Build.0 = Debug|Any CPU
		{BBDD22FF-0D5B-4B0C-9037-2D35AFB5BE71}.Debug|ARM.Deploy.0 = Debug|Any CPU
		{BBDD22FF-0D5B-4B0C-9037-2D35AFB5BE71}.Debug|iPhone.ActiveCfg = Debug|Any CPU
		{BBDD22FF-0D5B-4B0C-9037-2D35AFB5BE71}.Debug|iPhone.Build.0 = Debug|Any CPU
		{BBDD22FF-0D5B-4B0C-9037-2D35AFB5BE71}.Debug|iPhone.Deploy.0 = Debug|Any CPU
		{BBDD22FF-0D5B-4B0C-9037-2D35AFB5BE71}.Debug|iPhoneSimulator.ActiveCfg = Debug|Any CPU
		{BBDD22FF-0D5B-4B0C-9037-2D35AFB5BE71}.Debug|iPhoneSimulator.Build.0 = Debug|Any CPU
		{BBDD22FF-0D5B-4B0C-9037-2D35AFB5BE71}.Debug|iPhoneSimulator.Deploy.0 = Debug|Any CPU
		{BBDD22FF-0D5B-4B0C-9037-2D35AFB5BE71}.Debug|x64.ActiveCfg = Debug|Any CPU
		{BBDD22FF-0D5B-4B0C-9037-2D35AFB5BE71}.Debug|x64.Build.0 = Debug|Any CPU
		{BBDD22FF-0D5B-4B0C-9037-2D35AFB5BE71}.Debug|x64.Deploy.0 = Debug|Any CPU
		{BBDD22FF-0D5B-4B0C-9037-2D35AFB5BE71}.Debug|x86.ActiveCfg = Debug|Any CPU
		{BBDD22FF-0D5B-4B0C-9037-2D35AFB5BE71}.Debug|x86.Build.0 = Debug|Any CPU
		{BBDD22FF-0D5B-4B0C-9037-2D35AFB5BE71}.Debug|x86.Deploy.0 = Debug|Any CPU
		{BBDD22FF-0D5B-4B0C-9037-2D35AFB5BE71}.Release|Any CPU.ActiveCfg = Release|Any CPU
		{BBDD22FF-0D5B-4B0C-9037-2D35AFB5BE71}.Release|Any CPU.Build.0 = Release|Any CPU
		{BBDD22FF-0D5B-4B0C-9037-2D35AFB5BE71}.Release|Any CPU.Deploy.0 = Release|Any CPU
		{BBDD22FF-0D5B-4B0C-9037-2D35AFB5BE71}.Release|ARM.ActiveCfg = Release|Any CPU
		{BBDD22FF-0D5B-4B0C-9037-2D35AFB5BE71}.Release|ARM.Build.0 = Release|Any CPU
		{BBDD22FF-0D5B-4B0C-9037-2D35AFB5BE71}.Release|ARM.Deploy.0 = Release|Any CPU
		{BBDD22FF-0D5B-4B0C-9037-2D35AFB5BE71}.Release|iPhone.ActiveCfg = Release|Any CPU
		{BBDD22FF-0D5B-4B0C-9037-2D35AFB5BE71}.Release|iPhone.Build.0 = Release|Any CPU
		{BBDD22FF-0D5B-4B0C-9037-2D35AFB5BE71}.Release|iPhone.Deploy.0 = Release|Any CPU
		{BBDD22FF-0D5B-4B0C-9037-2D35AFB5BE71}.Release|iPhoneSimulator.ActiveCfg = Release|Any CPU
		{BBDD22FF-0D5B-4B0C-9037-2D35AFB5BE71}.Release|iPhoneSimulator.Build.0 = Release|Any CPU
		{BBDD22FF-0D5B-4B0C-9037-2D35AFB5BE71}.Release|iPhoneSimulator.Deploy.0 = Release|Any CPU
		{BBDD22FF-0D5B-4B0C-9037-2D35AFB5BE71}.Release|x64.ActiveCfg = Release|Any CPU
		{BBDD22FF-0D5B-4B0C-9037-2D35AFB5BE71}.Release|x64.Build.0 = Release|Any CPU
		{BBDD22FF-0D5B-4B0C-9037-2D35AFB5BE71}.Release|x64.Deploy.0 = Release|Any CPU
		{BBDD22FF-0D5B-4B0C-9037-2D35AFB5BE71}.Release|x86.ActiveCfg = Release|Any CPU
		{BBDD22FF-0D5B-4B0C-9037-2D35AFB5BE71}.Release|x86.Build.0 = Release|Any CPU
		{BBDD22FF-0D5B-4B0C-9037-2D35AFB5BE71}.Release|x86.Deploy.0 = Release|Any CPU
		{397C4112-71F6-4FCA-BBAA-B73B88D60269}.Ad-Hoc|Any CPU.ActiveCfg = Release|Any CPU
		{397C4112-71F6-4FCA-BBAA-B73B88D60269}.Ad-Hoc|Any CPU.Build.0 = Release|Any CPU
		{397C4112-71F6-4FCA-BBAA-B73B88D60269}.Ad-Hoc|ARM.ActiveCfg = Release|Any CPU
		{397C4112-71F6-4FCA-BBAA-B73B88D60269}.Ad-Hoc|ARM.Build.0 = Release|Any CPU
		{397C4112-71F6-4FCA-BBAA-B73B88D60269}.Ad-Hoc|iPhone.ActiveCfg = Release|Any CPU
		{397C4112-71F6-4FCA-BBAA-B73B88D60269}.Ad-Hoc|iPhone.Build.0 = Release|Any CPU
		{397C4112-71F6-4FCA-BBAA-B73B88D60269}.Ad-Hoc|iPhoneSimulator.ActiveCfg = Release|Any CPU
		{397C4112-71F6-4FCA-BBAA-B73B88D60269}.Ad-Hoc|iPhoneSimulator.Build.0 = Release|Any CPU
		{397C4112-71F6-4FCA-BBAA-B73B88D60269}.Ad-Hoc|x64.ActiveCfg = Release|Any CPU
		{397C4112-71F6-4FCA-BBAA-B73B88D60269}.Ad-Hoc|x64.Build.0 = Release|Any CPU
		{397C4112-71F6-4FCA-BBAA-B73B88D60269}.Ad-Hoc|x86.ActiveCfg = Release|Any CPU
		{397C4112-71F6-4FCA-BBAA-B73B88D60269}.Ad-Hoc|x86.Build.0 = Release|Any CPU
		{397C4112-71F6-4FCA-BBAA-B73B88D60269}.AppStore|Any CPU.ActiveCfg = Release|Any CPU
		{397C4112-71F6-4FCA-BBAA-B73B88D60269}.AppStore|Any CPU.Build.0 = Release|Any CPU
		{397C4112-71F6-4FCA-BBAA-B73B88D60269}.AppStore|ARM.ActiveCfg = Release|Any CPU
		{397C4112-71F6-4FCA-BBAA-B73B88D60269}.AppStore|ARM.Build.0 = Release|Any CPU
		{397C4112-71F6-4FCA-BBAA-B73B88D60269}.AppStore|iPhone.ActiveCfg = Release|Any CPU
		{397C4112-71F6-4FCA-BBAA-B73B88D60269}.AppStore|iPhone.Build.0 = Release|Any CPU
		{397C4112-71F6-4FCA-BBAA-B73B88D60269}.AppStore|iPhoneSimulator.ActiveCfg = Release|Any CPU
		{397C4112-71F6-4FCA-BBAA-B73B88D60269}.AppStore|iPhoneSimulator.Build.0 = Release|Any CPU
		{397C4112-71F6-4FCA-BBAA-B73B88D60269}.AppStore|x64.ActiveCfg = Release|Any CPU
		{397C4112-71F6-4FCA-BBAA-B73B88D60269}.AppStore|x64.Build.0 = Release|Any CPU
		{397C4112-71F6-4FCA-BBAA-B73B88D60269}.AppStore|x86.ActiveCfg = Release|Any CPU
		{397C4112-71F6-4FCA-BBAA-B73B88D60269}.AppStore|x86.Build.0 = Release|Any CPU
		{397C4112-71F6-4FCA-BBAA-B73B88D60269}.Debug|Any CPU.ActiveCfg = Debug|Any CPU
		{397C4112-71F6-4FCA-BBAA-B73B88D60269}.Debug|Any CPU.Build.0 = Debug|Any CPU
		{397C4112-71F6-4FCA-BBAA-B73B88D60269}.Debug|ARM.ActiveCfg = Debug|Any CPU
		{397C4112-71F6-4FCA-BBAA-B73B88D60269}.Debug|ARM.Build.0 = Debug|Any CPU
		{397C4112-71F6-4FCA-BBAA-B73B88D60269}.Debug|iPhone.ActiveCfg = Debug|Any CPU
		{397C4112-71F6-4FCA-BBAA-B73B88D60269}.Debug|iPhone.Build.0 = Debug|Any CPU
		{397C4112-71F6-4FCA-BBAA-B73B88D60269}.Debug|iPhoneSimulator.ActiveCfg = Debug|Any CPU
		{397C4112-71F6-4FCA-BBAA-B73B88D60269}.Debug|iPhoneSimulator.Build.0 = Debug|Any CPU
		{397C4112-71F6-4FCA-BBAA-B73B88D60269}.Debug|x64.ActiveCfg = Debug|Any CPU
		{397C4112-71F6-4FCA-BBAA-B73B88D60269}.Debug|x64.Build.0 = Debug|Any CPU
		{397C4112-71F6-4FCA-BBAA-B73B88D60269}.Debug|x86.ActiveCfg = Debug|Any CPU
		{397C4112-71F6-4FCA-BBAA-B73B88D60269}.Debug|x86.Build.0 = Debug|Any CPU
		{397C4112-71F6-4FCA-BBAA-B73B88D60269}.Release|Any CPU.ActiveCfg = Release|Any CPU
		{397C4112-71F6-4FCA-BBAA-B73B88D60269}.Release|Any CPU.Build.0 = Release|Any CPU
		{397C4112-71F6-4FCA-BBAA-B73B88D60269}.Release|ARM.ActiveCfg = Release|Any CPU
		{397C4112-71F6-4FCA-BBAA-B73B88D60269}.Release|ARM.Build.0 = Release|Any CPU
		{397C4112-71F6-4FCA-BBAA-B73B88D60269}.Release|iPhone.ActiveCfg = Release|Any CPU
		{397C4112-71F6-4FCA-BBAA-B73B88D60269}.Release|iPhone.Build.0 = Release|Any CPU
		{397C4112-71F6-4FCA-BBAA-B73B88D60269}.Release|iPhoneSimulator.ActiveCfg = Release|Any CPU
		{397C4112-71F6-4FCA-BBAA-B73B88D60269}.Release|iPhoneSimulator.Build.0 = Release|Any CPU
		{397C4112-71F6-4FCA-BBAA-B73B88D60269}.Release|x64.ActiveCfg = Release|Any CPU
		{397C4112-71F6-4FCA-BBAA-B73B88D60269}.Release|x64.Build.0 = Release|Any CPU
		{397C4112-71F6-4FCA-BBAA-B73B88D60269}.Release|x86.ActiveCfg = Release|Any CPU
		{397C4112-71F6-4FCA-BBAA-B73B88D60269}.Release|x86.Build.0 = Release|Any CPU
		{F34B22C1-D3E7-4F2A-899D-D7CA2F658876}.Ad-Hoc|Any CPU.ActiveCfg = Release|x86
		{F34B22C1-D3E7-4F2A-899D-D7CA2F658876}.Ad-Hoc|Any CPU.Build.0 = Release|x86
		{F34B22C1-D3E7-4F2A-899D-D7CA2F658876}.Ad-Hoc|Any CPU.Deploy.0 = Release|x86
		{F34B22C1-D3E7-4F2A-899D-D7CA2F658876}.Ad-Hoc|ARM.ActiveCfg = Release|ARM
		{F34B22C1-D3E7-4F2A-899D-D7CA2F658876}.Ad-Hoc|ARM.Build.0 = Release|ARM
		{F34B22C1-D3E7-4F2A-899D-D7CA2F658876}.Ad-Hoc|ARM.Deploy.0 = Release|ARM
		{F34B22C1-D3E7-4F2A-899D-D7CA2F658876}.Ad-Hoc|iPhone.ActiveCfg = Release|x86
		{F34B22C1-D3E7-4F2A-899D-D7CA2F658876}.Ad-Hoc|iPhone.Build.0 = Release|x86
		{F34B22C1-D3E7-4F2A-899D-D7CA2F658876}.Ad-Hoc|iPhone.Deploy.0 = Release|x86
		{F34B22C1-D3E7-4F2A-899D-D7CA2F658876}.Ad-Hoc|iPhoneSimulator.ActiveCfg = Release|x86
		{F34B22C1-D3E7-4F2A-899D-D7CA2F658876}.Ad-Hoc|iPhoneSimulator.Build.0 = Release|x86
		{F34B22C1-D3E7-4F2A-899D-D7CA2F658876}.Ad-Hoc|iPhoneSimulator.Deploy.0 = Release|x86
		{F34B22C1-D3E7-4F2A-899D-D7CA2F658876}.Ad-Hoc|x64.ActiveCfg = Release|x64
		{F34B22C1-D3E7-4F2A-899D-D7CA2F658876}.Ad-Hoc|x64.Build.0 = Release|x64
		{F34B22C1-D3E7-4F2A-899D-D7CA2F658876}.Ad-Hoc|x64.Deploy.0 = Release|x64
		{F34B22C1-D3E7-4F2A-899D-D7CA2F658876}.Ad-Hoc|x86.ActiveCfg = Release|x86
		{F34B22C1-D3E7-4F2A-899D-D7CA2F658876}.Ad-Hoc|x86.Build.0 = Release|x86
		{F34B22C1-D3E7-4F2A-899D-D7CA2F658876}.Ad-Hoc|x86.Deploy.0 = Release|x86
		{F34B22C1-D3E7-4F2A-899D-D7CA2F658876}.AppStore|Any CPU.ActiveCfg = Release|x86
		{F34B22C1-D3E7-4F2A-899D-D7CA2F658876}.AppStore|Any CPU.Build.0 = Release|x86
		{F34B22C1-D3E7-4F2A-899D-D7CA2F658876}.AppStore|Any CPU.Deploy.0 = Release|x86
		{F34B22C1-D3E7-4F2A-899D-D7CA2F658876}.AppStore|ARM.ActiveCfg = Release|ARM
		{F34B22C1-D3E7-4F2A-899D-D7CA2F658876}.AppStore|ARM.Build.0 = Release|ARM
		{F34B22C1-D3E7-4F2A-899D-D7CA2F658876}.AppStore|ARM.Deploy.0 = Release|ARM
		{F34B22C1-D3E7-4F2A-899D-D7CA2F658876}.AppStore|iPhone.ActiveCfg = Release|x86
		{F34B22C1-D3E7-4F2A-899D-D7CA2F658876}.AppStore|iPhone.Build.0 = Release|x86
		{F34B22C1-D3E7-4F2A-899D-D7CA2F658876}.AppStore|iPhone.Deploy.0 = Release|x86
		{F34B22C1-D3E7-4F2A-899D-D7CA2F658876}.AppStore|iPhoneSimulator.ActiveCfg = Release|x86
		{F34B22C1-D3E7-4F2A-899D-D7CA2F658876}.AppStore|iPhoneSimulator.Build.0 = Release|x86
		{F34B22C1-D3E7-4F2A-899D-D7CA2F658876}.AppStore|iPhoneSimulator.Deploy.0 = Release|x86
		{F34B22C1-D3E7-4F2A-899D-D7CA2F658876}.AppStore|x64.ActiveCfg = Release|x64
		{F34B22C1-D3E7-4F2A-899D-D7CA2F658876}.AppStore|x64.Build.0 = Release|x64
		{F34B22C1-D3E7-4F2A-899D-D7CA2F658876}.AppStore|x64.Deploy.0 = Release|x64
		{F34B22C1-D3E7-4F2A-899D-D7CA2F658876}.AppStore|x86.ActiveCfg = Release|x86
		{F34B22C1-D3E7-4F2A-899D-D7CA2F658876}.AppStore|x86.Build.0 = Release|x86
		{F34B22C1-D3E7-4F2A-899D-D7CA2F658876}.AppStore|x86.Deploy.0 = Release|x86
		{F34B22C1-D3E7-4F2A-899D-D7CA2F658876}.Debug|Any CPU.ActiveCfg = Debug|x86
		{F34B22C1-D3E7-4F2A-899D-D7CA2F658876}.Debug|ARM.ActiveCfg = Debug|ARM
		{F34B22C1-D3E7-4F2A-899D-D7CA2F658876}.Debug|ARM.Build.0 = Debug|ARM
		{F34B22C1-D3E7-4F2A-899D-D7CA2F658876}.Debug|ARM.Deploy.0 = Debug|ARM
		{F34B22C1-D3E7-4F2A-899D-D7CA2F658876}.Debug|iPhone.ActiveCfg = Debug|x86
		{F34B22C1-D3E7-4F2A-899D-D7CA2F658876}.Debug|iPhoneSimulator.ActiveCfg = Debug|x86
		{F34B22C1-D3E7-4F2A-899D-D7CA2F658876}.Debug|x64.ActiveCfg = Debug|x64
		{F34B22C1-D3E7-4F2A-899D-D7CA2F658876}.Debug|x64.Build.0 = Debug|x64
		{F34B22C1-D3E7-4F2A-899D-D7CA2F658876}.Debug|x64.Deploy.0 = Debug|x64
		{F34B22C1-D3E7-4F2A-899D-D7CA2F658876}.Debug|x86.ActiveCfg = Debug|x86
		{F34B22C1-D3E7-4F2A-899D-D7CA2F658876}.Debug|x86.Build.0 = Debug|x86
		{F34B22C1-D3E7-4F2A-899D-D7CA2F658876}.Debug|x86.Deploy.0 = Debug|x86
		{F34B22C1-D3E7-4F2A-899D-D7CA2F658876}.Release|Any CPU.ActiveCfg = Release|x86
		{F34B22C1-D3E7-4F2A-899D-D7CA2F658876}.Release|ARM.ActiveCfg = Release|ARM
		{F34B22C1-D3E7-4F2A-899D-D7CA2F658876}.Release|ARM.Build.0 = Release|ARM
		{F34B22C1-D3E7-4F2A-899D-D7CA2F658876}.Release|ARM.Deploy.0 = Release|ARM
		{F34B22C1-D3E7-4F2A-899D-D7CA2F658876}.Release|iPhone.ActiveCfg = Release|x86
		{F34B22C1-D3E7-4F2A-899D-D7CA2F658876}.Release|iPhoneSimulator.ActiveCfg = Release|x86
		{F34B22C1-D3E7-4F2A-899D-D7CA2F658876}.Release|x64.ActiveCfg = Release|x64
		{F34B22C1-D3E7-4F2A-899D-D7CA2F658876}.Release|x64.Build.0 = Release|x64
		{F34B22C1-D3E7-4F2A-899D-D7CA2F658876}.Release|x64.Deploy.0 = Release|x64
		{F34B22C1-D3E7-4F2A-899D-D7CA2F658876}.Release|x86.ActiveCfg = Release|x86
		{F34B22C1-D3E7-4F2A-899D-D7CA2F658876}.Release|x86.Build.0 = Release|x86
		{F34B22C1-D3E7-4F2A-899D-D7CA2F658876}.Release|x86.Deploy.0 = Release|x86
		{856B4515-8151-4CC5-AF0C-8284E12924FA}.Ad-Hoc|Any CPU.ActiveCfg = Ad-Hoc|iPhone
		{856B4515-8151-4CC5-AF0C-8284E12924FA}.Ad-Hoc|ARM.ActiveCfg = Ad-Hoc|iPhone
		{856B4515-8151-4CC5-AF0C-8284E12924FA}.Ad-Hoc|iPhone.ActiveCfg = Ad-Hoc|iPhone
		{856B4515-8151-4CC5-AF0C-8284E12924FA}.Ad-Hoc|iPhone.Build.0 = Ad-Hoc|iPhone
		{856B4515-8151-4CC5-AF0C-8284E12924FA}.Ad-Hoc|iPhoneSimulator.ActiveCfg = Ad-Hoc|iPhoneSimulator
		{856B4515-8151-4CC5-AF0C-8284E12924FA}.Ad-Hoc|iPhoneSimulator.Build.0 = Ad-Hoc|iPhoneSimulator
		{856B4515-8151-4CC5-AF0C-8284E12924FA}.Ad-Hoc|x64.ActiveCfg = Ad-Hoc|iPhone
		{856B4515-8151-4CC5-AF0C-8284E12924FA}.Ad-Hoc|x86.ActiveCfg = Ad-Hoc|iPhone
		{856B4515-8151-4CC5-AF0C-8284E12924FA}.AppStore|Any CPU.ActiveCfg = AppStore|iPhone
		{856B4515-8151-4CC5-AF0C-8284E12924FA}.AppStore|ARM.ActiveCfg = AppStore|iPhone
		{856B4515-8151-4CC5-AF0C-8284E12924FA}.AppStore|iPhone.ActiveCfg = AppStore|iPhone
		{856B4515-8151-4CC5-AF0C-8284E12924FA}.AppStore|iPhone.Build.0 = AppStore|iPhone
		{856B4515-8151-4CC5-AF0C-8284E12924FA}.AppStore|iPhoneSimulator.ActiveCfg = AppStore|iPhoneSimulator
		{856B4515-8151-4CC5-AF0C-8284E12924FA}.AppStore|iPhoneSimulator.Build.0 = AppStore|iPhoneSimulator
		{856B4515-8151-4CC5-AF0C-8284E12924FA}.AppStore|x64.ActiveCfg = AppStore|iPhone
		{856B4515-8151-4CC5-AF0C-8284E12924FA}.AppStore|x86.ActiveCfg = AppStore|iPhone
		{856B4515-8151-4CC5-AF0C-8284E12924FA}.Debug|Any CPU.ActiveCfg = Debug|iPhone
		{856B4515-8151-4CC5-AF0C-8284E12924FA}.Debug|ARM.ActiveCfg = Debug|iPhone
		{856B4515-8151-4CC5-AF0C-8284E12924FA}.Debug|iPhone.ActiveCfg = Debug|iPhone
		{856B4515-8151-4CC5-AF0C-8284E12924FA}.Debug|iPhone.Build.0 = Debug|iPhone
		{856B4515-8151-4CC5-AF0C-8284E12924FA}.Debug|iPhoneSimulator.ActiveCfg = Debug|iPhoneSimulator
		{856B4515-8151-4CC5-AF0C-8284E12924FA}.Debug|iPhoneSimulator.Build.0 = Debug|iPhoneSimulator
		{856B4515-8151-4CC5-AF0C-8284E12924FA}.Debug|x64.ActiveCfg = Debug|iPhone
		{856B4515-8151-4CC5-AF0C-8284E12924FA}.Debug|x86.ActiveCfg = Debug|iPhone
		{856B4515-8151-4CC5-AF0C-8284E12924FA}.Release|Any CPU.ActiveCfg = Release|iPhone
		{856B4515-8151-4CC5-AF0C-8284E12924FA}.Release|ARM.ActiveCfg = Release|iPhone
		{856B4515-8151-4CC5-AF0C-8284E12924FA}.Release|iPhone.ActiveCfg = Release|iPhone
		{856B4515-8151-4CC5-AF0C-8284E12924FA}.Release|iPhone.Build.0 = Release|iPhone
		{856B4515-8151-4CC5-AF0C-8284E12924FA}.Release|iPhoneSimulator.ActiveCfg = Release|iPhoneSimulator
		{856B4515-8151-4CC5-AF0C-8284E12924FA}.Release|iPhoneSimulator.Build.0 = Release|iPhoneSimulator
		{856B4515-8151-4CC5-AF0C-8284E12924FA}.Release|x64.ActiveCfg = Release|iPhone
		{856B4515-8151-4CC5-AF0C-8284E12924FA}.Release|x86.ActiveCfg = Release|iPhone
	EndGlobalSection
	GlobalSection(SolutionProperties) = preSolution
		HideSolutionNode = FALSE
	EndGlobalSection
	GlobalSection(ExtensibilityGlobals) = postSolution
		SolutionGuid = {A9E01CB4-7318-464A-B3D6-FB0B2CEAFA97}
	EndGlobalSection
EndGlobal
